{
  "name": "@nest-microservices/nest_microservices",
  "version": "0.0.1",
  "lockfileVersion": 3,
  "requires": true,
  "packages": {
    "": {
      "name": "@nest-microservices/nest_microservices",
      "version": "0.0.1",
      "dependencies": {
        "@nest-microservices/nest_microservices": "file:"
      }
    },
    "node_modules/@nest-microservices/nest_microservices": {
      "resolved": "",
      "link": true
    }
  }
}
